{
  "name": "adminer-serverless",
  "version": "1.0.0",
  "lockfileVersion": 1,
  "requires": true,
  "dependencies": {
    "@now-php/lib-74": {
      "version": "0.0.11",
      "resolved": "https://registry.npmjs.org/@now-php/lib-74/-/lib-74-0.0.11.tgz",
      "integrity": "sha512-qoc4yv3PM2lxEtrbPyoWPBrbiaBgtO5zzBHBjwODqaaAfg6VTLc2TpLcitv+0krNz4ijSNL3I0ERfiIW1Hf71Q==",
      "requires": {
        "@now/build-utils": "^0.9.4"
      }
    },
    "@now/build-utils": {
      "version": "0.9.14",
      "resolved": "https://registry.npmjs.org/@now/build-utils/-/build-utils-0.9.14.tgz",
      "integrity": "sha512-fDyo/1Zb2StDhFKfoNf+M9nY5RhfuofpGXVwL8IjYUodze1VPDFX039Ut8zUVlujIFkSl8QMl8iu9fYr0H2ERg=="
    },
    "now-php": {
      "version": "0.0.10",
      "resolved": "https://registry.npmjs.org/now-php/-/now-php-0.0.10.tgz",
      "integrity": "sha512-Qu+agOc8lTigH3LEa8/Sgre3g4AG0AeY2Bt9h/shl30zars9rb3miS49OslT3Et1V5bYQgTr9dMoGiOpKbm++w==",
      "requires": {
        "@now-php/lib-74": "^0.0.11"
      }
    }
  }
}
